# This file is generated by running "yarn install" inside your project.
# Manual changes might be lost - proceed with caution!

__metadata:
  version: 8
  cacheKey: 10c0

"@types/node@npm:*":
  version: 17.0.14
  resolution: "@types/node@npm:17.0.14"
  checksum: 10c0/fcabfd31aaccac39319409d94bb73480144137f74731e1ac9d9fe6c6748f77b08f960a75d2c31c93f080ca68bc6a9cea11fdcfb58490eebffa8d70098313df51
  languageName: node
  linkType: hard

"@types/webidl-conversions@npm:*":
  version: 6.1.1
  resolution: "@types/webidl-conversions@npm:6.1.1"
  checksum: 10c0/6b0716042c7713f147dda3e85ab75f818f61bdbc2315d15d0068d84d18c3f613d5dee42ae8fadee676598b98a08a83533bd5bb34078a1eb118ab37501f888bbe
  languageName: node
  linkType: hard

"@types/whatwg-url@npm:^8.2.1":
  version: 8.2.1
  resolution: "@types/whatwg-url@npm:8.2.1"
  dependencies:
    "@types/node": "npm:*"
    "@types/webidl-conversions": "npm:*"
  checksum: 10c0/ba6e3701794857cd0557808e3bb9584c6494e2a957677557803068c04042d3df1c136c4fb08c2512b9e9f3c1bbd73509076a7baae0479f56a7355c2a7820afa3
  languageName: node
  linkType: hard

"asynckit@npm:^0.4.0":
  version: 0.4.0
  resolution: "asynckit@npm:0.4.0"
  checksum: 10c0/d73e2ddf20c4eb9337e1b3df1a0f6159481050a5de457c55b14ea2e5cb6d90bb69e004c9af54737a5ee0917fcf2c9e25de67777bbe58261847846066ba75bc9d
  languageName: node
  linkType: hard

"axios@npm:^1.6.0":
  version: 1.6.0
  resolution: "axios@npm:1.6.0"
  dependencies:
    follow-redirects: "npm:^1.15.0"
    form-data: "npm:^4.0.0"
    proxy-from-env: "npm:^1.1.0"
  checksum: 10c0/2879e17b96cbca7e2096d231a44e2d0f03e657d79f8928ea38ec5fbaf5a5b7bf952d580cdb58a66ba328c26eb3528b89d5a32da57cc5cf89813786c044f7e9d6
  languageName: node
  linkType: hard

"base64-js@npm:^1.3.1":
  version: 1.5.1
  resolution: "base64-js@npm:1.5.1"
  checksum: 10c0/f23823513b63173a001030fae4f2dabe283b99a9d324ade3ad3d148e218134676f1ee8568c877cd79ec1c53158dcf2d2ba527a97c606618928ba99dd930102bf
  languageName: node
  linkType: hard

"boolbase@npm:^1.0.0":
  version: 1.0.0
  resolution: "boolbase@npm:1.0.0"
  checksum: 10c0/e4b53deb4f2b85c52be0e21a273f2045c7b6a6ea002b0e139c744cb6f95e9ec044439a52883b0d74dedd1ff3da55ed140cfdddfed7fb0cccbed373de5dce1bcf
  languageName: node
  linkType: hard

"bson@npm:^4.6.1":
  version: 4.6.1
  resolution: "bson@npm:4.6.1"
  dependencies:
    buffer: "npm:^5.6.0"
  checksum: 10c0/e64b627449e0d75529d151a7a684c1931f7e3576f265cdbcd87297e52c4250cec5904f0fa83a8832397a9cc21db119b2e5d164466a2e826d29e22bd1e7fc0878
  languageName: node
  linkType: hard

"buffer@npm:^5.6.0":
  version: 5.7.1
  resolution: "buffer@npm:5.7.1"
  dependencies:
    base64-js: "npm:^1.3.1"
    ieee754: "npm:^1.1.13"
  checksum: 10c0/27cac81cff434ed2876058d72e7c4789d11ff1120ef32c9de48f59eab58179b66710c488987d295ae89a228f835fc66d088652dffeb8e3ba8659f80eb091d55e
  languageName: node
  linkType: hard

"cheerio-select@npm:^1.5.0":
  version: 1.5.0
  resolution: "cheerio-select@npm:1.5.0"
  dependencies:
    css-select: "npm:^4.1.3"
    css-what: "npm:^5.0.1"
    domelementtype: "npm:^2.2.0"
    domhandler: "npm:^4.2.0"
    domutils: "npm:^2.7.0"
  checksum: 10c0/851c8f9bb74823e63547ad5a39b7e301aac88950081ecf5a253e0a8c47a813f7f3428903d35c6ad78a0518b0e9c31dd0c863296f60ab4d53363612c564f863c3
  languageName: node
  linkType: hard

"cheerio@npm:^1.0.0-rc.2":
  version: 1.0.0-rc.10
  resolution: "cheerio@npm:1.0.0-rc.10"
  dependencies:
    cheerio-select: "npm:^1.5.0"
    dom-serializer: "npm:^1.3.2"
    domhandler: "npm:^4.2.0"
    htmlparser2: "npm:^6.1.0"
    parse5: "npm:^6.0.1"
    parse5-htmlparser2-tree-adapter: "npm:^6.0.1"
    tslib: "npm:^2.2.0"
  checksum: 10c0/2bb0fae8b1941949f506ddc4df75e3c2d0e5cc6c05478f918dd64a4d2c5282ec84b243890f6a809052a8eb6214641084922c07f726b5287b5dba114b10e52cb9
  languageName: node
  linkType: hard

"combined-stream@npm:^1.0.8":
  version: 1.0.8
  resolution: "combined-stream@npm:1.0.8"
  dependencies:
    delayed-stream: "npm:~1.0.0"
  checksum: 10c0/0dbb829577e1b1e839fa82b40c07ffaf7de8a09b935cadd355a73652ae70a88b4320db322f6634a4ad93424292fa80973ac6480986247f1734a1137debf271d5
  languageName: node
  linkType: hard

"css-select@npm:^4.1.3":
  version: 4.1.3
  resolution: "css-select@npm:4.1.3"
  dependencies:
    boolbase: "npm:^1.0.0"
    css-what: "npm:^5.0.0"
    domhandler: "npm:^4.2.0"
    domutils: "npm:^2.6.0"
    nth-check: "npm:^2.0.0"
  checksum: 10c0/f6751ce514ecf89315af5157dbd4463ed0461d7194d02fc8b5dcd5b36e8d3ab79f49199fb712437cef3530b769717000babf7de3d8969d7ea08d8d940482501c
  languageName: node
  linkType: hard

"css-what@npm:^5.0.0, css-what@npm:^5.0.1":
  version: 5.0.1
  resolution: "css-what@npm:5.0.1"
  checksum: 10c0/a1bec4996f51e416a28efe3b003a7fd33ff0d6a91cb97be483c647df1c499e0ae6a84849c01ae87a323fc45fdb77509da773dc9a8ebab652f0a81ac47ebbf80c
  languageName: node
  linkType: hard

"delayed-stream@npm:~1.0.0":
  version: 1.0.0
  resolution: "delayed-stream@npm:1.0.0"
  checksum: 10c0/d758899da03392e6712f042bec80aa293bbe9e9ff1b2634baae6a360113e708b91326594c8a486d475c69d6259afb7efacdc3537bfcda1c6c648e390ce601b19
  languageName: node
  linkType: hard

"denque@npm:^2.0.1":
  version: 2.0.1
  resolution: "denque@npm:2.0.1"
  checksum: 10c0/d4f8a62dcd5d47cafded4c9bb2f4cd39e9571b4e54efadf1f60f1b90ebcfddea41f267fd9d8366e9b8cc8233ab71d8e89e381e1db5a37b7c1ba802233581e7d9
  languageName: node
  linkType: hard

"dom-serializer@npm:^1.0.1, dom-serializer@npm:^1.3.2":
  version: 1.3.2
  resolution: "dom-serializer@npm:1.3.2"
  dependencies:
    domelementtype: "npm:^2.0.1"
    domhandler: "npm:^4.2.0"
    entities: "npm:^2.0.0"
  checksum: 10c0/0a39ff0634da807b0e7b4e28d20305658e366d920050296ea6a306c29eb4094a1bf942a72ec2e51145f01efcff93e98eaa1eef4c299ca398e326a2e1c4641220
  languageName: node
  linkType: hard

"domelementtype@npm:^2.0.1, domelementtype@npm:^2.2.0":
  version: 2.2.0
  resolution: "domelementtype@npm:2.2.0"
  checksum: 10c0/0e3824e21fb9ff2cda9579ad04ef0068c58cc1746cf723560e1b4cb73ccae324062d468b25a576948459df7dd99e42d8a100b7fcfc6e05c8eefa2e6fed3f8f7d
  languageName: node
  linkType: hard

"domhandler@npm:^4.0.0, domhandler@npm:^4.2.0":
  version: 4.2.2
  resolution: "domhandler@npm:4.2.2"
  dependencies:
    domelementtype: "npm:^2.2.0"
  checksum: 10c0/63f44711103685c85f85d00dda443862c8a3d40146d331cc8e6a69dfe8f933ad675a8949e43f30ffdc64d1440ecd2b94abdb246171fe49da7736ddf342c57ac6
  languageName: node
  linkType: hard

"domutils@npm:^2.5.2, domutils@npm:^2.6.0, domutils@npm:^2.7.0":
  version: 2.8.0
  resolution: "domutils@npm:2.8.0"
  dependencies:
    dom-serializer: "npm:^1.0.1"
    domelementtype: "npm:^2.2.0"
    domhandler: "npm:^4.2.0"
  checksum: 10c0/d58e2ae01922f0dd55894e61d18119924d88091837887bf1438f2327f32c65eb76426bd9384f81e7d6dcfb048e0f83c19b222ad7101176ad68cdc9c695b563db
  languageName: node
  linkType: hard

"entities@npm:^2.0.0":
  version: 2.2.0
  resolution: "entities@npm:2.2.0"
  checksum: 10c0/7fba6af1f116300d2ba1c5673fc218af1961b20908638391b4e1e6d5850314ee2ac3ec22d741b3a8060479911c99305164aed19b6254bde75e7e6b1b2c3f3aa3
  languageName: node
  linkType: hard

"follow-redirects@npm:^1.15.0":
  version: 1.15.3
  resolution: "follow-redirects@npm:1.15.3"
  peerDependenciesMeta:
    debug:
      optional: true
  checksum: 10c0/915a2cf22e667bdf47b1a43cc6b7dce14d95039e9bbf9a24d0e739abfbdfa00077dd43c86d4a7a19efefcc7a99af144920a175eedc3888d268af5df67c272ee5
  languageName: node
  linkType: hard

"form-data@npm:^4.0.0":
  version: 4.0.0
  resolution: "form-data@npm:4.0.0"
  dependencies:
    asynckit: "npm:^0.4.0"
    combined-stream: "npm:^1.0.8"
    mime-types: "npm:^2.1.12"
  checksum: 10c0/cb6f3ac49180be03ff07ba3ff125f9eba2ff0b277fb33c7fc47569fc5e616882c5b1c69b9904c4c4187e97dd0419dd03b134174756f296dec62041e6527e2c6e
  languageName: node
  linkType: hard

"htmlparser2@npm:^6.1.0":
  version: 6.1.0
  resolution: "htmlparser2@npm:6.1.0"
  dependencies:
    domelementtype: "npm:^2.0.1"
    domhandler: "npm:^4.0.0"
    domutils: "npm:^2.5.2"
    entities: "npm:^2.0.0"
  checksum: 10c0/3058499c95634f04dc66be8c2e0927cd86799413b2d6989d8ae542ca4dbf5fa948695d02c27d573acf44843af977aec6d9a7bdd0f6faa6b2d99e2a729b2a31b6
  languageName: node
  linkType: hard

"ieee754@npm:^1.1.13":
  version: 1.2.1
  resolution: "ieee754@npm:1.2.1"
  checksum: 10c0/b0782ef5e0935b9f12883a2e2aa37baa75da6e66ce6515c168697b42160807d9330de9a32ec1ed73149aea02e0d822e572bca6f1e22bdcbd2149e13b050b17bb
  languageName: node
  linkType: hard

"ip@npm:^1.1.5":
  version: 1.1.5
  resolution: "ip@npm:1.1.5"
  checksum: 10c0/877e98d676cd8d0ca01fee8282d11b91fb97be7dd9d0b2d6d98e161db2d4277954f5b55db7cfc8556fe6841cb100d13526a74f50ab0d83d6b130fe8445040175
  languageName: node
  linkType: hard

"memory-pager@npm:^1.0.2":
  version: 1.5.0
  resolution: "memory-pager@npm:1.5.0"
  checksum: 10c0/2596e80c99fee24f05bd8a20cde2ee899012c996f4ec361ac76ed6f009f34149d733ac6f76880106ccd6a66d062ad439357578d383d429df66ba1278f68806e9
  languageName: node
  linkType: hard

"mime-db@npm:1.52.0":
  version: 1.52.0
  resolution: "mime-db@npm:1.52.0"
  checksum: 10c0/0557a01deebf45ac5f5777fe7740b2a5c309c6d62d40ceab4e23da9f821899ce7a900b7ac8157d4548ddbb7beffe9abc621250e6d182b0397ec7f10c7b91a5aa
  languageName: node
  linkType: hard

"mime-types@npm:^2.1.12":
  version: 2.1.35
  resolution: "mime-types@npm:2.1.35"
  dependencies:
    mime-db: "npm:1.52.0"
  checksum: 10c0/82fb07ec56d8ff1fc999a84f2f217aa46cb6ed1033fefaabd5785b9a974ed225c90dc72fff460259e66b95b73648596dbcc50d51ed69cdf464af2d237d3149b2
  languageName: node
  linkType: hard

"mongodb-connection-string-url@npm:^2.4.1":
  version: 2.4.2
  resolution: "mongodb-connection-string-url@npm:2.4.2"
  dependencies:
    "@types/whatwg-url": "npm:^8.2.1"
    whatwg-url: "npm:^11.0.0"
  checksum: 10c0/604104375803e502d43116846acf7798b04e933e5340b147a8438200879bf374bd2c3859858c8e599d443c556d80bab53bd5f1dd49b9af0141c39e3d1f9254fa
  languageName: node
  linkType: hard

"mongodb@npm:^4.3.1":
  version: 4.3.1
  resolution: "mongodb@npm:4.3.1"
  dependencies:
    bson: "npm:^4.6.1"
    denque: "npm:^2.0.1"
    mongodb-connection-string-url: "npm:^2.4.1"
    saslprep: "npm:^1.0.3"
    socks: "npm:^2.6.1"
  dependenciesMeta:
    saslprep:
      optional: true
  checksum: 10c0/6e68b59c3ae4211e31ef6bb71f3834cc58ef3292257de31ff719b2bd9f64c8243fa7d6481d7c6c8eff9f6b5ac488f741d270c7f039383c589c1ea5e1de4c8e63
  languageName: node
  linkType: hard

"nth-check@npm:^2.0.0":
  version: 2.0.0
  resolution: "nth-check@npm:2.0.0"
  dependencies:
    boolbase: "npm:^1.0.0"
  checksum: 10c0/ef2042e155aa46de731205847ec8b386962647b2ef14ae51195e3e5da67d0fb2f49bf7492c4d2d760cdfe5caf533a992f4572eb0a0d086a1aaf894329dd782e9
  languageName: node
  linkType: hard

"parse5-htmlparser2-tree-adapter@npm:^6.0.1":
  version: 6.0.1
  resolution: "parse5-htmlparser2-tree-adapter@npm:6.0.1"
  dependencies:
    parse5: "npm:^6.0.1"
  checksum: 10c0/dfa5960e2aaf125707e19a4b1bc333de49232eba5a6ffffb95d313a7d6087c3b7a274b58bee8d3bd41bdf150638815d1d601a42bbf2a0345208c3c35b1279556
  languageName: node
  linkType: hard

"parse5@npm:^6.0.1":
  version: 6.0.1
  resolution: "parse5@npm:6.0.1"
  checksum: 10c0/595821edc094ecbcfb9ddcb46a3e1fe3a718540f8320eff08b8cf6742a5114cce2d46d45f95c26191c11b184dcaf4e2960abcd9c5ed9eb9393ac9a37efcfdecb
  languageName: node
  linkType: hard

"parsefood@workspace:.":
  version: 0.0.0-use.local
  resolution: "parsefood@workspace:."
  dependencies:
    axios: "npm:^1.6.0"
    cheerio: "npm:^1.0.0-rc.2"
    mongodb: "npm:^4.3.1"
  languageName: unknown
  linkType: soft

"proxy-from-env@npm:^1.1.0":
  version: 1.1.0
  resolution: "proxy-from-env@npm:1.1.0"
  checksum: 10c0/fe7dd8b1bdbbbea18d1459107729c3e4a2243ca870d26d34c2c1bcd3e4425b7bcc5112362df2d93cc7fb9746f6142b5e272fd1cc5c86ddf8580175186f6ad42b
  languageName: node
  linkType: hard

"punycode@npm:^2.1.1":
  version: 2.1.1
  resolution: "punycode@npm:2.1.1"
  checksum: 10c0/83815ca9b9177f055771f31980cbec7ffaef10257d50a95ab99b4a30f0404846e85fa6887ee1bbc0aaddb7bad6d96e2fa150a016051ff0f6b92be4ad613ddca8
  languageName: node
  linkType: hard

"saslprep@npm:^1.0.3":
  version: 1.0.3
  resolution: "saslprep@npm:1.0.3"
  dependencies:
    sparse-bitfield: "npm:^3.0.3"
  checksum: 10c0/7dea5b2c0cb507132d4a6e1a65082b1118b435f9bb5b13665e71e581875dc574d4fb26dd0246d72daa1d7a453b131043aa0f8c1a8813ca2d4b577335156f99ac
  languageName: node
  linkType: hard

"smart-buffer@npm:^4.1.0":
  version: 4.2.0
  resolution: "smart-buffer@npm:4.2.0"
  checksum: 10c0/a16775323e1404dd43fabafe7460be13a471e021637bc7889468eb45ce6a6b207261f454e4e530a19500cc962c4cc5348583520843b363f4193cee5c00e1e539
  languageName: node
  linkType: hard

"socks@npm:^2.6.1":
  version: 2.6.1
  resolution: "socks@npm:2.6.1"
  dependencies:
    ip: "npm:^1.1.5"
    smart-buffer: "npm:^4.1.0"
  checksum: 10c0/e992192c7837bfa9093251abf3e78849741f332881900f481dcb3267d18b16595e93519f63dce29f39e4135789a7ed379d210dd68e98465564a40e81ccf9082a
  languageName: node
  linkType: hard

"sparse-bitfield@npm:^3.0.3":
  version: 3.0.3
  resolution: "sparse-bitfield@npm:3.0.3"
  dependencies:
    memory-pager: "npm:^1.0.2"
  checksum: 10c0/248c6ff7b5e354735e1daac4059222a29c9d291dfcf265daf675d13515eeaac454cfcccd687c8d134f86698b39abd7ad4d7434f7272dd6f8e41a00f21aae4194
  languageName: node
  linkType: hard

"tr46@npm:^3.0.0":
  version: 3.0.0
  resolution: "tr46@npm:3.0.0"
  dependencies:
    punycode: "npm:^2.1.1"
  checksum: 10c0/cdc47cad3a9d0b6cb293e39ccb1066695ae6fdd39b9e4f351b010835a1f8b4f3a6dc3a55e896b421371187f22b48d7dac1b693de4f6551bdef7b6ab6735dfe3b
  languageName: node
  linkType: hard

"tslib@npm:^2.2.0":
  version: 2.3.1
  resolution: "tslib@npm:2.3.1"
  checksum: 10c0/4efd888895bdb3b987086b2b7793ad1013566f882b0eb7a328384e5ecc0d71cafb16bbeab3196200cbf7f01a73ccc25acc2f131d4ea6ee959be7436a8a306482
  languageName: node
  linkType: hard

"webidl-conversions@npm:^7.0.0":
  version: 7.0.0
  resolution: "webidl-conversions@npm:7.0.0"
  checksum: 10c0/228d8cb6d270c23b0720cb2d95c579202db3aaf8f633b4e9dd94ec2000a04e7e6e43b76a94509cdb30479bd00ae253ab2371a2da9f81446cc313f89a4213a2c4
  languageName: node
  linkType: hard

"whatwg-url@npm:^11.0.0":
  version: 11.0.0
  resolution: "whatwg-url@npm:11.0.0"
  dependencies:
    tr46: "npm:^3.0.0"
    webidl-conversions: "npm:^7.0.0"
  checksum: 10c0/f7ec264976d7c725e0696fcaf9ebe056e14422eacbf92fdbb4462034609cba7d0c85ffa1aab05e9309d42969bcf04632ba5ed3f3882c516d7b093053315bf4c1
  languageName: node
  linkType: hard
